
Microsoft Visual Studio Solution File, Format Version 11.00
# Visual Studio 2010
Project("{F184B08F-C81C-45F6-A57F-5ABD9991F28F}") = "Pix Chaves Leatoria e Fixa", "Pix Chaves Leatoria e Fixa\Pix Chaves Leatoria e Fixa.vbproj", "{925E1062-AA3E-4A2C-800F-A05BCDE3833C}"
EndProject
Global
	GlobalSection(SolutionConfigurationPlatforms) = preSolution
		Debug|x86 = Debug|x86
		Release|x86 = Release|x86
	EndGlobalSection
	GlobalSection(ProjectConfigurationPlatforms) = postSolution
		{925E1062-AA3E-4A2C-800F-A05BCDE3833C}.Debug|x86.ActiveCfg = Debug|x86
		{925E1062-AA3E-4A2C-800F-A05BCDE3833C}.Debug|x86.Build.0 = Debug|x86
		{925E1062-AA3E-4A2C-800F-A05BCDE3833C}.Release|x86.ActiveCfg = Release|x86
		{925E1062-AA3E-4A2C-800F-A05BCDE3833C}.Release|x86.Build.0 = Release|x86
	EndGlobalSection
	GlobalSection(SolutionProperties) = preSolution
		HideSolutionNode = FALSE
	EndGlobalSection
EndGlobal
